
Microsoft Visual Studio Solution File, Format Version 12.00
# Visual Studio Version 16
VisualStudioVersion = 16.0.30114.105
MinimumVisualStudioVersion = 10.0.40219.1
Project("{FAE04EC0-301F-11D3-BF4B-00C04F79EFBC}") = "GeekTrust", "GeekTrust\GeekTrust.csproj", "{301E34F9-D796-4AC0-B88D-9B19B1CF15BB}"
EndProject
Project("{FAE04EC0-301F-11D3-BF4B-00C04F79EFBC}") = "GeekTrustTests", "GeekTrust.Tests\GeekTrustTests.csproj", "{1361AA87-DE54-4F83-9C3C-BF137AF00827}"
EndProject
Global
	GlobalSection(SolutionConfigurationPlatforms) = preSolution
		Debug|Any CPU = Debug|Any CPU
		Release|Any CPU = Release|Any CPU
	EndGlobalSection
	GlobalSection(SolutionProperties) = preSolution
		HideSolutionNode = FALSE
	EndGlobalSection
	GlobalSection(ProjectConfigurationPlatforms) = postSolution
		{301E34F9-D796-4AC0-B88D-9B19B1CF15BB}.Debug|Any CPU.ActiveCfg = Debug|Any CPU
		{301E34F9-D796-4AC0-B88D-9B19B1CF15BB}.Debug|Any CPU.Build.0 = Debug|Any CPU
		{301E34F9-D796-4AC0-B88D-9B19B1CF15BB}.Release|Any CPU.ActiveCfg = Release|Any CPU
		{301E34F9-D796-4AC0-B88D-9B19B1CF15BB}.Release|Any CPU.Build.0 = Release|Any CPU
		{1361AA87-DE54-4F83-9C3C-BF137AF00827}.Debug|Any CPU.ActiveCfg = Debug|Any CPU
		{1361AA87-DE54-4F83-9C3C-BF137AF00827}.Debug|Any CPU.Build.0 = Debug|Any CPU
		{1361AA87-DE54-4F83-9C3C-BF137AF00827}.Release|Any CPU.ActiveCfg = Release|Any CPU
		{1361AA87-DE54-4F83-9C3C-BF137AF00827}.Release|Any CPU.Build.0 = Release|Any CPU
	EndGlobalSection
EndGlobal
